
Microsoft Visual Studio Solution File, Format Version 12.00
# Visual Studio Version 16
VisualStudioVersion = 16.0.31025.194
MinimumVisualStudioVersion = 10.0.40219.1
Project("{FAE04EC0-301F-11D3-BF4B-00C04F79EFBC}") = "ExpressionToSelectQuery", "ExpressionToSelectQuery\ExpressionToSelectQuery.csproj", "{DB87C9D9-C648-47DA-A4B5-92F91DFBD792}"
EndProject
Project("{FAE04EC0-301F-11D3-BF4B-00C04F79EFBC}") = "NorthwindDBTest", "NorthwindDBTest\NorthwindDBTest.csproj", "{AE427A9A-F8CE-48BC-A3EF-77D8B3D828C3}"
EndProject
Global
	GlobalSection(SolutionConfigurationPlatforms) = preSolution
		Debug|Any CPU = Debug|Any CPU
		Release|Any CPU = Release|Any CPU
	EndGlobalSection
	GlobalSection(ProjectConfigurationPlatforms) = postSolution
		{DB87C9D9-C648-47DA-A4B5-92F91DFBD792}.Debug|Any CPU.ActiveCfg = Debug|Any CPU
		{DB87C9D9-C648-47DA-A4B5-92F91DFBD792}.Debug|Any CPU.Build.0 = Debug|Any CPU
		{DB87C9D9-C648-47DA-A4B5-92F91DFBD792}.Release|Any CPU.ActiveCfg = Release|Any CPU
		{DB87C9D9-C648-47DA-A4B5-92F91DFBD792}.Release|Any CPU.Build.0 = Release|Any CPU
		{AE427A9A-F8CE-48BC-A3EF-77D8B3D828C3}.Debug|Any CPU.ActiveCfg = Debug|Any CPU
		{AE427A9A-F8CE-48BC-A3EF-77D8B3D828C3}.Debug|Any CPU.Build.0 = Debug|Any CPU
		{AE427A9A-F8CE-48BC-A3EF-77D8B3D828C3}.Release|Any CPU.ActiveCfg = Release|Any CPU
		{AE427A9A-F8CE-48BC-A3EF-77D8B3D828C3}.Release|Any CPU.Build.0 = Release|Any CPU
	EndGlobalSection
	GlobalSection(SolutionProperties) = preSolution
		HideSolutionNode = FALSE
	EndGlobalSection
	GlobalSection(ExtensibilityGlobals) = postSolution
		SolutionGuid = {661412E1-E866-4F13-9529-7FCACA83741F}
	EndGlobalSection
EndGlobal
